
Microsoft Visual Studio Solution File, Format Version 12.00
# Visual Studio Version 17
VisualStudioVersion = 17.0.32112.339
MinimumVisualStudioVersion = 10.0.40219.1
Project("{FAE04EC0-301F-11D3-BF4B-00C04F79EFBC}") = "CadmusItineraApi", "CadmusItineraApi\CadmusItineraApi.csproj", "{9102959D-673C-406D-B2A8-9CC05947CFFA}"
EndProject
Project("{2150E333-8FDC-42A3-9474-1A3956D46DE8}") = "Solution Items", "Solution Items", "{87035436-254B-4540-B938-2768513C7287}"
	ProjectSection(SolutionItems) = preProject
		docker-compose.yml = docker-compose.yml
		Dockerfile = Dockerfile
		README.md = README.md
	EndProjectSection
EndProject
Global
	GlobalSection(SolutionConfigurationPlatforms) = preSolution
		Debug|Any CPU = Debug|Any CPU
		Release|Any CPU = Release|Any CPU
	EndGlobalSection
	GlobalSection(ProjectConfigurationPlatforms) = postSolution
		{9102959D-673C-406D-B2A8-9CC05947CFFA}.Debug|Any CPU.ActiveCfg = Debug|Any CPU
		{9102959D-673C-406D-B2A8-9CC05947CFFA}.Debug|Any CPU.Build.0 = Debug|Any CPU
		{9102959D-673C-406D-B2A8-9CC05947CFFA}.Release|Any CPU.ActiveCfg = Release|Any CPU
		{9102959D-673C-406D-B2A8-9CC05947CFFA}.Release|Any CPU.Build.0 = Release|Any CPU
	EndGlobalSection
	GlobalSection(SolutionProperties) = preSolution
		HideSolutionNode = FALSE
	EndGlobalSection
	GlobalSection(ExtensibilityGlobals) = postSolution
		SolutionGuid = {2D9A79DA-6F61-4AAE-8369-34C1AA56CB50}
	EndGlobalSection
EndGlobal
